
Microsoft Visual Studio Solution File, Format Version 12.00
# Visual Studio Version 17
VisualStudioVersion = 17.9.34728.123
MinimumVisualStudioVersion = 10.0.40219.1
Project("{2150E333-8FDC-42A3-9474-1A3956D46DE8}") = "1-Vectores", "1-Vectores", "{D98CEED7-BCB5-4E7A-8197-E250AC1E2730}"
EndProject
Project("{FAE04EC0-301F-11D3-BF4B-00C04F79EFBC}") = "01", "1-Vectores\01\01.csproj", "{4C6838E7-3CBC-44C4-B29C-811F6A378BC7}"
EndProject
Project("{FAE04EC0-301F-11D3-BF4B-00C04F79EFBC}") = "02", "1-Vectores\02\02.csproj", "{E4B70705-9CE0-4E57-B31C-FE0E17D68F24}"
EndProject
Project("{FAE04EC0-301F-11D3-BF4B-00C04F79EFBC}") = "03", "1-Vectores\03\03.csproj", "{598948E2-48EC-4CFF-84F8-00EA8EFADC9A}"
EndProject
Project("{FAE04EC0-301F-11D3-BF4B-00C04F79EFBC}") = "04", "1-Vectores\04\04.csproj", "{FED1E367-63F3-44AA-8F58-11C289C60F4C}"
EndProject
Project("{FAE04EC0-301F-11D3-BF4B-00C04F79EFBC}") = "05", "1-Vectores\05\05.csproj", "{26C1ED71-4E8F-4CA1-8A84-01FCC5C5098D}"
EndProject
Project("{2150E333-8FDC-42A3-9474-1A3956D46DE8}") = "2-Matrices", "2-Matrices", "{4710DB9E-0968-41EC-A99B-1C6F12DFA49A}"
EndProject
Project("{FAE04EC0-301F-11D3-BF4B-00C04F79EFBC}") = "02", "2-Matrices\02\02.csproj", "{D5C12377-B5A9-41A3-B7A0-BBA82051B02C}"
EndProject
Project("{2150E333-8FDC-42A3-9474-1A3956D46DE8}") = "Optativos", "Optativos", "{4FAE9D8A-C908-420A-AC8D-CDB45D57A729}"
EndProject
Project("{FAE04EC0-301F-11D3-BF4B-00C04F79EFBC}") = "1-02", "2-Matrices\Optativos\1-02\1-02.csproj", "{58162E97-8232-4D96-93AD-53B265979787}"
EndProject
Project("{FAE04EC0-301F-11D3-BF4B-00C04F79EFBC}") = "1-03", "2-Matrices\Optativos\1-03\1-03.csproj", "{AB4BD50C-4EDF-413A-ACD5-FFFD02E3531F}"
EndProject
Project("{FAE04EC0-301F-11D3-BF4B-00C04F79EFBC}") = "1-04", "2-Matrices\Optativos\1-04\1-04.csproj", "{1F779112-083F-456C-9BE4-2AC7075FFCA6}"
EndProject
Project("{FAE04EC0-301F-11D3-BF4B-00C04F79EFBC}") = "1-05", "2-Matrices\Optativos\1-05\1-05.csproj", "{A1B48275-C580-4397-8BAB-60FBD1E60590}"
EndProject
Project("{FAE04EC0-301F-11D3-BF4B-00C04F79EFBC}") = "2-03", "2-Matrices\Optativos\2-03\2-03.csproj", "{9CBAAC6A-319A-4E69-90EB-07DE9FB4435D}"
EndProject
Project("{FAE04EC0-301F-11D3-BF4B-00C04F79EFBC}") = "2-06", "2-Matrices\Optativos\2-06\2-06.csproj", "{73DCF173-AD72-4851-A14A-08C228B98B6B}"
EndProject
Project("{2150E333-8FDC-42A3-9474-1A3956D46DE8}") = "3-Metodos", "3-Metodos", "{CFE6E373-9496-490D-A396-11C61B7167AD}"
EndProject
Project("{FAE04EC0-301F-11D3-BF4B-00C04F79EFBC}") = "01a", "3-Metodos\01a\01a.csproj", "{8DC7B8F1-295D-46B2-95FF-74DF77F1E368}"
EndProject
Project("{FAE04EC0-301F-11D3-BF4B-00C04F79EFBC}") = "01b", "3-Metodos\01b\01b.csproj", "{F26E9362-9FFB-4CDA-A2BA-46C31AC1DD6D}"
EndProject
Project("{FAE04EC0-301F-11D3-BF4B-00C04F79EFBC}") = "02", "3-Metodos\02\02.csproj", "{1344B2EA-697B-4E7B-8F1A-2DA86284CBDB}"
EndProject
Project("{FAE04EC0-301F-11D3-BF4B-00C04F79EFBC}") = "04", "3-Metodos\04\04.csproj", "{C2722997-E103-49C3-8819-88A8336ADBFD}"
EndProject
Global
	GlobalSection(SolutionConfigurationPlatforms) = preSolution
		Debug|Any CPU = Debug|Any CPU
		Release|Any CPU = Release|Any CPU
	EndGlobalSection
	GlobalSection(ProjectConfigurationPlatforms) = postSolution
		{4C6838E7-3CBC-44C4-B29C-811F6A378BC7}.Debug|Any CPU.ActiveCfg = Debug|Any CPU
		{4C6838E7-3CBC-44C4-B29C-811F6A378BC7}.Debug|Any CPU.Build.0 = Debug|Any CPU
		{4C6838E7-3CBC-44C4-B29C-811F6A378BC7}.Release|Any CPU.ActiveCfg = Release|Any CPU
		{4C6838E7-3CBC-44C4-B29C-811F6A378BC7}.Release|Any CPU.Build.0 = Release|Any CPU
		{E4B70705-9CE0-4E57-B31C-FE0E17D68F24}.Debug|Any CPU.ActiveCfg = Debug|Any CPU
		{E4B70705-9CE0-4E57-B31C-FE0E17D68F24}.Debug|Any CPU.Build.0 = Debug|Any CPU
		{E4B70705-9CE0-4E57-B31C-FE0E17D68F24}.Release|Any CPU.ActiveCfg = Release|Any CPU
		{E4B70705-9CE0-4E57-B31C-FE0E17D68F24}.Release|Any CPU.Build.0 = Release|Any CPU
		{598948E2-48EC-4CFF-84F8-00EA8EFADC9A}.Debug|Any CPU.ActiveCfg = Debug|Any CPU
		{598948E2-48EC-4CFF-84F8-00EA8EFADC9A}.Debug|Any CPU.Build.0 = Debug|Any CPU
		{598948E2-48EC-4CFF-84F8-00EA8EFADC9A}.Release|Any CPU.ActiveCfg = Release|Any CPU
		{598948E2-48EC-4CFF-84F8-00EA8EFADC9A}.Release|Any CPU.Build.0 = Release|Any CPU
		{FED1E367-63F3-44AA-8F58-11C289C60F4C}.Debug|Any CPU.ActiveCfg = Debug|Any CPU
		{FED1E367-63F3-44AA-8F58-11C289C60F4C}.Debug|Any CPU.Build.0 = Debug|Any CPU
		{FED1E367-63F3-44AA-8F58-11C289C60F4C}.Release|Any CPU.ActiveCfg = Release|Any CPU
		{FED1E367-63F3-44AA-8F58-11C289C60F4C}.Release|Any CPU.Build.0 = Release|Any CPU
		{26C1ED71-4E8F-4CA1-8A84-01FCC5C5098D}.Debug|Any CPU.ActiveCfg = Debug|Any CPU
		{26C1ED71-4E8F-4CA1-8A84-01FCC5C5098D}.Debug|Any CPU.Build.0 = Debug|Any CPU
		{26C1ED71-4E8F-4CA1-8A84-01FCC5C5098D}.Release|Any CPU.ActiveCfg = Release|Any CPU
		{26C1ED71-4E8F-4CA1-8A84-01FCC5C5098D}.Release|Any CPU.Build.0 = Release|Any CPU
		{D5C12377-B5A9-41A3-B7A0-BBA82051B02C}.Debug|Any CPU.ActiveCfg = Debug|Any CPU
		{D5C12377-B5A9-41A3-B7A0-BBA82051B02C}.Debug|Any CPU.Build.0 = Debug|Any CPU
		{D5C12377-B5A9-41A3-B7A0-BBA82051B02C}.Release|Any CPU.ActiveCfg = Release|Any CPU
		{D5C12377-B5A9-41A3-B7A0-BBA82051B02C}.Release|Any CPU.Build.0 = Release|Any CPU
		{58162E97-8232-4D96-93AD-53B265979787}.Debug|Any CPU.ActiveCfg = Debug|Any CPU
		{58162E97-8232-4D96-93AD-53B265979787}.Debug|Any CPU.Build.0 = Debug|Any CPU
		{58162E97-8232-4D96-93AD-53B265979787}.Release|Any CPU.ActiveCfg = Release|Any CPU
		{58162E97-8232-4D96-93AD-53B265979787}.Release|Any CPU.Build.0 = Release|Any CPU
		{AB4BD50C-4EDF-413A-ACD5-FFFD02E3531F}.Debug|Any CPU.ActiveCfg = Debug|Any CPU
		{AB4BD50C-4EDF-413A-ACD5-FFFD02E3531F}.Debug|Any CPU.Build.0 = Debug|Any CPU
		{AB4BD50C-4EDF-413A-ACD5-FFFD02E3531F}.Release|Any CPU.ActiveCfg = Release|Any CPU
		{AB4BD50C-4EDF-413A-ACD5-FFFD02E3531F}.Release|Any CPU.Build.0 = Release|Any CPU
		{1F779112-083F-456C-9BE4-2AC7075FFCA6}.Debug|Any CPU.ActiveCfg = Debug|Any CPU
		{1F779112-083F-456C-9BE4-2AC7075FFCA6}.Debug|Any CPU.Build.0 = Debug|Any CPU
		{1F779112-083F-456C-9BE4-2AC7075FFCA6}.Release|Any CPU.ActiveCfg = Release|Any CPU
		{1F779112-083F-456C-9BE4-2AC7075FFCA6}.Release|Any CPU.Build.0 = Release|Any CPU
		{A1B48275-C580-4397-8BAB-60FBD1E60590}.Debug|Any CPU.ActiveCfg = Debug|Any CPU
		{A1B48275-C580-4397-8BAB-60FBD1E60590}.Debug|Any CPU.Build.0 = Debug|Any CPU
		{A1B48275-C580-4397-8BAB-60FBD1E60590}.Release|Any CPU.ActiveCfg = Release|Any CPU
		{A1B48275-C580-4397-8BAB-60FBD1E60590}.Release|Any CPU.Build.0 = Release|Any CPU
		{9CBAAC6A-319A-4E69-90EB-07DE9FB4435D}.Debug|Any CPU.ActiveCfg = Debug|Any CPU
		{9CBAAC6A-319A-4E69-90EB-07DE9FB4435D}.Debug|Any CPU.Build.0 = Debug|Any CPU
		{9CBAAC6A-319A-4E69-90EB-07DE9FB4435D}.Release|Any CPU.ActiveCfg = Release|Any CPU
		{9CBAAC6A-319A-4E69-90EB-07DE9FB4435D}.Release|Any CPU.Build.0 = Release|Any CPU
		{73DCF173-AD72-4851-A14A-08C228B98B6B}.Debug|Any CPU.ActiveCfg = Debug|Any CPU
		{73DCF173-AD72-4851-A14A-08C228B98B6B}.Debug|Any CPU.Build.0 = Debug|Any CPU
		{73DCF173-AD72-4851-A14A-08C228B98B6B}.Release|Any CPU.ActiveCfg = Release|Any CPU
		{73DCF173-AD72-4851-A14A-08C228B98B6B}.Release|Any CPU.Build.0 = Release|Any CPU
		{8DC7B8F1-295D-46B2-95FF-74DF77F1E368}.Debug|Any CPU.ActiveCfg = Debug|Any CPU
		{8DC7B8F1-295D-46B2-95FF-74DF77F1E368}.Debug|Any CPU.Build.0 = Debug|Any CPU
		{8DC7B8F1-295D-46B2-95FF-74DF77F1E368}.Release|Any CPU.ActiveCfg = Release|Any CPU
		{8DC7B8F1-295D-46B2-95FF-74DF77F1E368}.Release|Any CPU.Build.0 = Release|Any CPU
		{F26E9362-9FFB-4CDA-A2BA-46C31AC1DD6D}.Debug|Any CPU.ActiveCfg = Debug|Any CPU
		{F26E9362-9FFB-4CDA-A2BA-46C31AC1DD6D}.Debug|Any CPU.Build.0 = Debug|Any CPU
		{F26E9362-9FFB-4CDA-A2BA-46C31AC1DD6D}.Release|Any CPU.ActiveCfg = Release|Any CPU
		{F26E9362-9FFB-4CDA-A2BA-46C31AC1DD6D}.Release|Any CPU.Build.0 = Release|Any CPU
		{1344B2EA-697B-4E7B-8F1A-2DA86284CBDB}.Debug|Any CPU.ActiveCfg = Debug|Any CPU
		{1344B2EA-697B-4E7B-8F1A-2DA86284CBDB}.Debug|Any CPU.Build.0 = Debug|Any CPU
		{1344B2EA-697B-4E7B-8F1A-2DA86284CBDB}.Release|Any CPU.ActiveCfg = Release|Any CPU
		{1344B2EA-697B-4E7B-8F1A-2DA86284CBDB}.Release|Any CPU.Build.0 = Release|Any CPU
		{C2722997-E103-49C3-8819-88A8336ADBFD}.Debug|Any CPU.ActiveCfg = Debug|Any CPU
		{C2722997-E103-49C3-8819-88A8336ADBFD}.Debug|Any CPU.Build.0 = Debug|Any CPU
		{C2722997-E103-49C3-8819-88A8336ADBFD}.Release|Any CPU.ActiveCfg = Release|Any CPU
		{C2722997-E103-49C3-8819-88A8336ADBFD}.Release|Any CPU.Build.0 = Release|Any CPU
	EndGlobalSection
	GlobalSection(SolutionProperties) = preSolution
		HideSolutionNode = FALSE
	EndGlobalSection
	GlobalSection(NestedProjects) = preSolution
		{4C6838E7-3CBC-44C4-B29C-811F6A378BC7} = {D98CEED7-BCB5-4E7A-8197-E250AC1E2730}
		{E4B70705-9CE0-4E57-B31C-FE0E17D68F24} = {D98CEED7-BCB5-4E7A-8197-E250AC1E2730}
		{598948E2-48EC-4CFF-84F8-00EA8EFADC9A} = {D98CEED7-BCB5-4E7A-8197-E250AC1E2730}
		{FED1E367-63F3-44AA-8F58-11C289C60F4C} = {D98CEED7-BCB5-4E7A-8197-E250AC1E2730}
		{26C1ED71-4E8F-4CA1-8A84-01FCC5C5098D} = {D98CEED7-BCB5-4E7A-8197-E250AC1E2730}
		{D5C12377-B5A9-41A3-B7A0-BBA82051B02C} = {4710DB9E-0968-41EC-A99B-1C6F12DFA49A}
		{4FAE9D8A-C908-420A-AC8D-CDB45D57A729} = {4710DB9E-0968-41EC-A99B-1C6F12DFA49A}
		{58162E97-8232-4D96-93AD-53B265979787} = {4FAE9D8A-C908-420A-AC8D-CDB45D57A729}
		{AB4BD50C-4EDF-413A-ACD5-FFFD02E3531F} = {4FAE9D8A-C908-420A-AC8D-CDB45D57A729}
		{1F779112-083F-456C-9BE4-2AC7075FFCA6} = {4FAE9D8A-C908-420A-AC8D-CDB45D57A729}
		{A1B48275-C580-4397-8BAB-60FBD1E60590} = {4FAE9D8A-C908-420A-AC8D-CDB45D57A729}
		{9CBAAC6A-319A-4E69-90EB-07DE9FB4435D} = {4FAE9D8A-C908-420A-AC8D-CDB45D57A729}
		{73DCF173-AD72-4851-A14A-08C228B98B6B} = {4FAE9D8A-C908-420A-AC8D-CDB45D57A729}
		{8DC7B8F1-295D-46B2-95FF-74DF77F1E368} = {CFE6E373-9496-490D-A396-11C61B7167AD}
		{F26E9362-9FFB-4CDA-A2BA-46C31AC1DD6D} = {CFE6E373-9496-490D-A396-11C61B7167AD}
		{1344B2EA-697B-4E7B-8F1A-2DA86284CBDB} = {CFE6E373-9496-490D-A396-11C61B7167AD}
		{C2722997-E103-49C3-8819-88A8336ADBFD} = {CFE6E373-9496-490D-A396-11C61B7167AD}
	EndGlobalSection
	GlobalSection(ExtensibilityGlobals) = postSolution
		SolutionGuid = {08346566-409E-4690-AF16-FED36FB73C14}
	EndGlobalSection
EndGlobal
