
Microsoft Visual Studio Solution File, Format Version 12.00
# Visual Studio Version 17
VisualStudioVersion = 17.9.34728.123
MinimumVisualStudioVersion = 10.0.40219.1
Project("{FAE04EC0-301F-11D3-BF4B-00C04F79EFBC}") = "Parcial-1", "Parcial-1\Parcial-1.csproj", "{C57698B0-EBC6-45D5-A01C-140BDEB8804A}"
EndProject
Global
	GlobalSection(SolutionConfigurationPlatforms) = preSolution
		Debug|Any CPU = Debug|Any CPU
		Release|Any CPU = Release|Any CPU
	EndGlobalSection
	GlobalSection(ProjectConfigurationPlatforms) = postSolution
		{C57698B0-EBC6-45D5-A01C-140BDEB8804A}.Debug|Any CPU.ActiveCfg = Debug|Any CPU
		{C57698B0-EBC6-45D5-A01C-140BDEB8804A}.Debug|Any CPU.Build.0 = Debug|Any CPU
		{C57698B0-EBC6-45D5-A01C-140BDEB8804A}.Release|Any CPU.ActiveCfg = Release|Any CPU
		{C57698B0-EBC6-45D5-A01C-140BDEB8804A}.Release|Any CPU.Build.0 = Release|Any CPU
	EndGlobalSection
	GlobalSection(SolutionProperties) = preSolution
		HideSolutionNode = FALSE
	EndGlobalSection
	GlobalSection(ExtensibilityGlobals) = postSolution
		SolutionGuid = {EF969890-3471-4074-B43F-AC6A49CAA644}
	EndGlobalSection
EndGlobal
