
Microsoft Visual Studio Solution File, Format Version 12.00
# Visual Studio Version 17
VisualStudioVersion = 17.9.34728.123
MinimumVisualStudioVersion = 10.0.40219.1
Project("{2150E333-8FDC-42A3-9474-1A3956D46DE8}") = "1-If", "1-If", "{FE73B8F2-105A-4995-9DE3-2123E9214663}"
EndProject
Project("{2150E333-8FDC-42A3-9474-1A3956D46DE8}") = "2-If-Else", "2-If-Else", "{0B3083AC-02DE-4594-9CDF-C8BED96322EE}"
EndProject
Project("{2150E333-8FDC-42A3-9474-1A3956D46DE8}") = "3-While", "3-While", "{F0396DAD-B805-48B1-A063-E2CE227AA202}"
EndProject
Project("{9A19103F-16F7-4668-BE54-9A1E7A4F7556}") = "01", "1-If\01\01.csproj", "{9743C6D0-449A-43EA-97C9-4F82C91F3F26}"
EndProject
Project("{9A19103F-16F7-4668-BE54-9A1E7A4F7556}") = "02", "1-If\02\02.csproj", "{77D36658-2CB2-4997-8D62-C7B95B4BB7C6}"
EndProject
Project("{9A19103F-16F7-4668-BE54-9A1E7A4F7556}") = "03", "1-If\03\03.csproj", "{6B3BA078-9642-4F11-937D-F509B643E34F}"
EndProject
Project("{9A19103F-16F7-4668-BE54-9A1E7A4F7556}") = "01", "2-If-Else\01\01.csproj", "{DBAF75CA-A779-40C3-9B97-D6EACD1451A5}"
EndProject
Project("{9A19103F-16F7-4668-BE54-9A1E7A4F7556}") = "02", "2-If-Else\02\02.csproj", "{977A16BF-26A3-458A-B568-8D34BC175233}"
EndProject
Project("{9A19103F-16F7-4668-BE54-9A1E7A4F7556}") = "03", "2-If-Else\03\03.csproj", "{B4AB921E-5F5E-43B5-B8A1-F53233F5D578}"
EndProject
Project("{9A19103F-16F7-4668-BE54-9A1E7A4F7556}") = "01", "3-While\01\01.csproj", "{3A85E71D-154C-4C74-9DDA-8880A1FCADB2}"
EndProject
Project("{9A19103F-16F7-4668-BE54-9A1E7A4F7556}") = "02", "3-While\02\02.csproj", "{8B502E4E-B396-429A-A1D3-B05E2B877FAA}"
EndProject
Project("{9A19103F-16F7-4668-BE54-9A1E7A4F7556}") = "03", "3-While\03\03.csproj", "{42176578-72D8-45E0-80F6-B79E218AAAE9}"
EndProject
Project("{2150E333-8FDC-42A3-9474-1A3956D46DE8}") = "Optativos", "Optativos", "{9B83ACDE-9BB5-4AE6-8A31-C5F56B1EBD58}"
EndProject
Project("{FAE04EC0-301F-11D3-BF4B-00C04F79EFBC}") = "01", "Optativos\01\01.csproj", "{1E196776-4B04-435F-9FB8-9E29FEE099B4}"
EndProject
Project("{FAE04EC0-301F-11D3-BF4B-00C04F79EFBC}") = "02", "Optativos\02\02.csproj", "{F8BF15CD-0546-4B5F-BC1E-FD2A8A102AC7}"
EndProject
Project("{2150E333-8FDC-42A3-9474-1A3956D46DE8}") = "Propuestos", "Propuestos", "{1455AD01-8A5C-484C-B5D0-28896BE60660}"
EndProject
Project("{FAE04EC0-301F-11D3-BF4B-00C04F79EFBC}") = "17", "Propuestos\17\17.csproj", "{8A4DD595-B8E5-4748-8BA9-632357003331}"
EndProject
Project("{FAE04EC0-301F-11D3-BF4B-00C04F79EFBC}") = "Simulacro-parcial", "Simulacro-parcial\Simulacro-parcial.csproj", "{82F8A331-B219-4D28-B31C-9634E81FDF76}"
EndProject
Global
	GlobalSection(SolutionConfigurationPlatforms) = preSolution
		Debug|Any CPU = Debug|Any CPU
		Release|Any CPU = Release|Any CPU
	EndGlobalSection
	GlobalSection(ProjectConfigurationPlatforms) = postSolution
		{9743C6D0-449A-43EA-97C9-4F82C91F3F26}.Debug|Any CPU.ActiveCfg = Debug|Any CPU
		{9743C6D0-449A-43EA-97C9-4F82C91F3F26}.Debug|Any CPU.Build.0 = Debug|Any CPU
		{9743C6D0-449A-43EA-97C9-4F82C91F3F26}.Release|Any CPU.ActiveCfg = Release|Any CPU
		{9743C6D0-449A-43EA-97C9-4F82C91F3F26}.Release|Any CPU.Build.0 = Release|Any CPU
		{77D36658-2CB2-4997-8D62-C7B95B4BB7C6}.Debug|Any CPU.ActiveCfg = Debug|Any CPU
		{77D36658-2CB2-4997-8D62-C7B95B4BB7C6}.Debug|Any CPU.Build.0 = Debug|Any CPU
		{77D36658-2CB2-4997-8D62-C7B95B4BB7C6}.Release|Any CPU.ActiveCfg = Release|Any CPU
		{77D36658-2CB2-4997-8D62-C7B95B4BB7C6}.Release|Any CPU.Build.0 = Release|Any CPU
		{6B3BA078-9642-4F11-937D-F509B643E34F}.Debug|Any CPU.ActiveCfg = Debug|Any CPU
		{6B3BA078-9642-4F11-937D-F509B643E34F}.Debug|Any CPU.Build.0 = Debug|Any CPU
		{6B3BA078-9642-4F11-937D-F509B643E34F}.Release|Any CPU.ActiveCfg = Release|Any CPU
		{6B3BA078-9642-4F11-937D-F509B643E34F}.Release|Any CPU.Build.0 = Release|Any CPU
		{DBAF75CA-A779-40C3-9B97-D6EACD1451A5}.Debug|Any CPU.ActiveCfg = Debug|Any CPU
		{DBAF75CA-A779-40C3-9B97-D6EACD1451A5}.Debug|Any CPU.Build.0 = Debug|Any CPU
		{DBAF75CA-A779-40C3-9B97-D6EACD1451A5}.Release|Any CPU.ActiveCfg = Release|Any CPU
		{DBAF75CA-A779-40C3-9B97-D6EACD1451A5}.Release|Any CPU.Build.0 = Release|Any CPU
		{977A16BF-26A3-458A-B568-8D34BC175233}.Debug|Any CPU.ActiveCfg = Debug|Any CPU
		{977A16BF-26A3-458A-B568-8D34BC175233}.Debug|Any CPU.Build.0 = Debug|Any CPU
		{977A16BF-26A3-458A-B568-8D34BC175233}.Release|Any CPU.ActiveCfg = Release|Any CPU
		{977A16BF-26A3-458A-B568-8D34BC175233}.Release|Any CPU.Build.0 = Release|Any CPU
		{B4AB921E-5F5E-43B5-B8A1-F53233F5D578}.Debug|Any CPU.ActiveCfg = Debug|Any CPU
		{B4AB921E-5F5E-43B5-B8A1-F53233F5D578}.Debug|Any CPU.Build.0 = Debug|Any CPU
		{B4AB921E-5F5E-43B5-B8A1-F53233F5D578}.Release|Any CPU.ActiveCfg = Release|Any CPU
		{B4AB921E-5F5E-43B5-B8A1-F53233F5D578}.Release|Any CPU.Build.0 = Release|Any CPU
		{3A85E71D-154C-4C74-9DDA-8880A1FCADB2}.Debug|Any CPU.ActiveCfg = Debug|Any CPU
		{3A85E71D-154C-4C74-9DDA-8880A1FCADB2}.Debug|Any CPU.Build.0 = Debug|Any CPU
		{3A85E71D-154C-4C74-9DDA-8880A1FCADB2}.Release|Any CPU.ActiveCfg = Release|Any CPU
		{3A85E71D-154C-4C74-9DDA-8880A1FCADB2}.Release|Any CPU.Build.0 = Release|Any CPU
		{8B502E4E-B396-429A-A1D3-B05E2B877FAA}.Debug|Any CPU.ActiveCfg = Debug|Any CPU
		{8B502E4E-B396-429A-A1D3-B05E2B877FAA}.Debug|Any CPU.Build.0 = Debug|Any CPU
		{8B502E4E-B396-429A-A1D3-B05E2B877FAA}.Release|Any CPU.ActiveCfg = Release|Any CPU
		{8B502E4E-B396-429A-A1D3-B05E2B877FAA}.Release|Any CPU.Build.0 = Release|Any CPU
		{42176578-72D8-45E0-80F6-B79E218AAAE9}.Debug|Any CPU.ActiveCfg = Debug|Any CPU
		{42176578-72D8-45E0-80F6-B79E218AAAE9}.Debug|Any CPU.Build.0 = Debug|Any CPU
		{42176578-72D8-45E0-80F6-B79E218AAAE9}.Release|Any CPU.ActiveCfg = Release|Any CPU
		{42176578-72D8-45E0-80F6-B79E218AAAE9}.Release|Any CPU.Build.0 = Release|Any CPU
		{1E196776-4B04-435F-9FB8-9E29FEE099B4}.Debug|Any CPU.ActiveCfg = Debug|Any CPU
		{1E196776-4B04-435F-9FB8-9E29FEE099B4}.Debug|Any CPU.Build.0 = Debug|Any CPU
		{1E196776-4B04-435F-9FB8-9E29FEE099B4}.Release|Any CPU.ActiveCfg = Release|Any CPU
		{1E196776-4B04-435F-9FB8-9E29FEE099B4}.Release|Any CPU.Build.0 = Release|Any CPU
		{F8BF15CD-0546-4B5F-BC1E-FD2A8A102AC7}.Debug|Any CPU.ActiveCfg = Debug|Any CPU
		{F8BF15CD-0546-4B5F-BC1E-FD2A8A102AC7}.Debug|Any CPU.Build.0 = Debug|Any CPU
		{F8BF15CD-0546-4B5F-BC1E-FD2A8A102AC7}.Release|Any CPU.ActiveCfg = Release|Any CPU
		{F8BF15CD-0546-4B5F-BC1E-FD2A8A102AC7}.Release|Any CPU.Build.0 = Release|Any CPU
		{8A4DD595-B8E5-4748-8BA9-632357003331}.Debug|Any CPU.ActiveCfg = Debug|Any CPU
		{8A4DD595-B8E5-4748-8BA9-632357003331}.Debug|Any CPU.Build.0 = Debug|Any CPU
		{8A4DD595-B8E5-4748-8BA9-632357003331}.Release|Any CPU.ActiveCfg = Release|Any CPU
		{8A4DD595-B8E5-4748-8BA9-632357003331}.Release|Any CPU.Build.0 = Release|Any CPU
		{82F8A331-B219-4D28-B31C-9634E81FDF76}.Debug|Any CPU.ActiveCfg = Debug|Any CPU
		{82F8A331-B219-4D28-B31C-9634E81FDF76}.Debug|Any CPU.Build.0 = Debug|Any CPU
		{82F8A331-B219-4D28-B31C-9634E81FDF76}.Release|Any CPU.ActiveCfg = Release|Any CPU
		{82F8A331-B219-4D28-B31C-9634E81FDF76}.Release|Any CPU.Build.0 = Release|Any CPU
	EndGlobalSection
	GlobalSection(SolutionProperties) = preSolution
		HideSolutionNode = FALSE
	EndGlobalSection
	GlobalSection(NestedProjects) = preSolution
		{9743C6D0-449A-43EA-97C9-4F82C91F3F26} = {FE73B8F2-105A-4995-9DE3-2123E9214663}
		{77D36658-2CB2-4997-8D62-C7B95B4BB7C6} = {FE73B8F2-105A-4995-9DE3-2123E9214663}
		{6B3BA078-9642-4F11-937D-F509B643E34F} = {FE73B8F2-105A-4995-9DE3-2123E9214663}
		{DBAF75CA-A779-40C3-9B97-D6EACD1451A5} = {0B3083AC-02DE-4594-9CDF-C8BED96322EE}
		{977A16BF-26A3-458A-B568-8D34BC175233} = {0B3083AC-02DE-4594-9CDF-C8BED96322EE}
		{B4AB921E-5F5E-43B5-B8A1-F53233F5D578} = {0B3083AC-02DE-4594-9CDF-C8BED96322EE}
		{3A85E71D-154C-4C74-9DDA-8880A1FCADB2} = {F0396DAD-B805-48B1-A063-E2CE227AA202}
		{8B502E4E-B396-429A-A1D3-B05E2B877FAA} = {F0396DAD-B805-48B1-A063-E2CE227AA202}
		{42176578-72D8-45E0-80F6-B79E218AAAE9} = {F0396DAD-B805-48B1-A063-E2CE227AA202}
		{1E196776-4B04-435F-9FB8-9E29FEE099B4} = {9B83ACDE-9BB5-4AE6-8A31-C5F56B1EBD58}
		{F8BF15CD-0546-4B5F-BC1E-FD2A8A102AC7} = {9B83ACDE-9BB5-4AE6-8A31-C5F56B1EBD58}
		{8A4DD595-B8E5-4748-8BA9-632357003331} = {1455AD01-8A5C-484C-B5D0-28896BE60660}
	EndGlobalSection
	GlobalSection(ExtensibilityGlobals) = postSolution
		SolutionGuid = {601B5B92-3EE2-4B01-A0F1-8B81961837AC}
	EndGlobalSection
EndGlobal
